
Microsoft Visual Studio Solution File, Format Version 12.00
# Visual Studio Version 16
VisualStudioVersion = 16.0.31025.194
MinimumVisualStudioVersion = 10.0.40219.1
Project("{FAE04EC0-301F-11D3-BF4B-00C04F79EFBC}") = "BigSchool", "BigSchool.csproj", "{1F00DAED-673D-4403-8180-B2EC6AF43C68}"
EndProject
Global
	GlobalSection(SolutionConfigurationPlatforms) = preSolution
		Debug|Any CPU = Debug|Any CPU
		Release|Any CPU = Release|Any CPU
	EndGlobalSection
	GlobalSection(ProjectConfigurationPlatforms) = postSolution
		{1F00DAED-673D-4403-8180-B2EC6AF43C68}.Debug|Any CPU.ActiveCfg = Debug|Any CPU
		{1F00DAED-673D-4403-8180-B2EC6AF43C68}.Debug|Any CPU.Build.0 = Debug|Any CPU
		{1F00DAED-673D-4403-8180-B2EC6AF43C68}.Release|Any CPU.ActiveCfg = Release|Any CPU
		{1F00DAED-673D-4403-8180-B2EC6AF43C68}.Release|Any CPU.Build.0 = Release|Any CPU
	EndGlobalSection
	GlobalSection(SolutionProperties) = preSolution
		HideSolutionNode = FALSE
	EndGlobalSection
	GlobalSection(ExtensibilityGlobals) = postSolution
		SolutionGuid = {7886BA51-BC59-45BC-903F-8FC08377EAEB}
	EndGlobalSection
EndGlobal
